# ============================================================
# NYX.LOCK - Lockfile
# ============================================================
# Generated by Nypm 3.0.0
# DO NOT EDIT - This file is automatically updated

version = "3.0.0"

[metadata]
generated_at = "2026-02-19T12:00:00Z"
resolver = "minimal"

[packages.nyweb]
name = "nyweb"
version = "3.0.0"
resolved = "https://registry.nyxlang.dev/nyweb/3.0.0"
integrity = "sha256-abc123"
dependencies = { nyhttp = "^2.0", nydatabase = "^2.0" }

[packages.nyhttp]
name = "nyhttp"
version = "2.0.0"
resolved = "https://registry.nyxlang.dev/nyhttp/2.0.0"
integrity = "sha256-def456"

[packages.nydatabase]
name = "nydatabase"
version = "2.0.0"
resolved = "https://registry.nyxlang.dev/nydatabase/2.0.0"
integrity = "sha256-ghi789"

[packages.nytest]
name = "nytest"
version = "1.0.0"
resolved = "https://registry.nyxlang.dev/nytest/1.0.0"
integrity = "sha256-jkl012"
dev = true
